
Microsoft Visual Studio Solution File, Format Version 12.00
# Visual Studio 15
VisualStudioVersion = 15.0.26730.15
MinimumVisualStudioVersion = 10.0.40219.1
Project("{FAE04EC0-301F-11D3-BF4B-00C04F79EFBC}") = "Zoom.BLL", "Zoom\Zoom.BLL.csproj", "{9F718FD1-A1C7-493D-AFD9-64E420C24C90}"
EndProject
Project("{FAE04EC0-301F-11D3-BF4B-00C04F79EFBC}") = "UnitTestZoom", "UnitTestZoom\UnitTestZoom.csproj", "{BFE55A40-7BE1-45EB-9667-121DFE3F4021}"
EndProject
Project("{9A19103F-16F7-4668-BE54-9A1E7A4F7556}") = "Zoom.GUI", "Zoom.GUI\Zoom.GUI.csproj", "{F7E694D2-2423-4D9B-BBD9-4C7092079706}"
EndProject
Global
	GlobalSection(SolutionConfigurationPlatforms) = preSolution
		Debug|Any CPU = Debug|Any CPU
		Release|Any CPU = Release|Any CPU
	EndGlobalSection
	GlobalSection(ProjectConfigurationPlatforms) = postSolution
		{9F718FD1-A1C7-493D-AFD9-64E420C24C90}.Debug|Any CPU.ActiveCfg = Debug|Any CPU
		{9F718FD1-A1C7-493D-AFD9-64E420C24C90}.Debug|Any CPU.Build.0 = Debug|Any CPU
		{9F718FD1-A1C7-493D-AFD9-64E420C24C90}.Release|Any CPU.ActiveCfg = Release|Any CPU
		{9F718FD1-A1C7-493D-AFD9-64E420C24C90}.Release|Any CPU.Build.0 = Release|Any CPU
		{BFE55A40-7BE1-45EB-9667-121DFE3F4021}.Debug|Any CPU.ActiveCfg = Debug|Any CPU
		{BFE55A40-7BE1-45EB-9667-121DFE3F4021}.Debug|Any CPU.Build.0 = Debug|Any CPU
		{BFE55A40-7BE1-45EB-9667-121DFE3F4021}.Release|Any CPU.ActiveCfg = Release|Any CPU
		{BFE55A40-7BE1-45EB-9667-121DFE3F4021}.Release|Any CPU.Build.0 = Release|Any CPU
		{F7E694D2-2423-4D9B-BBD9-4C7092079706}.Debug|Any CPU.ActiveCfg = Debug|Any CPU
		{F7E694D2-2423-4D9B-BBD9-4C7092079706}.Debug|Any CPU.Build.0 = Debug|Any CPU
		{F7E694D2-2423-4D9B-BBD9-4C7092079706}.Release|Any CPU.ActiveCfg = Release|Any CPU
		{F7E694D2-2423-4D9B-BBD9-4C7092079706}.Release|Any CPU.Build.0 = Release|Any CPU
	EndGlobalSection
	GlobalSection(SolutionProperties) = preSolution
		HideSolutionNode = FALSE
	EndGlobalSection
	GlobalSection(ExtensibilityGlobals) = postSolution
		SolutionGuid = {7523F6AB-06E1-44FE-9B6F-0A772E74FAFA}
	EndGlobalSection
EndGlobal
