
Microsoft Visual Studio Solution File, Format Version 12.00
# Visual Studio 15
VisualStudioVersion = 15.0.26730.15
MinimumVisualStudioVersion = 10.0.40219.1
Project("{FAE04EC0-301F-11D3-BF4B-00C04F79EFBC}") = "UnitTestZoom", "UnitTestZoom\UnitTestZoom.csproj", "{BFE55A40-7BE1-45EB-9667-121DFE3F4021}"
EndProject
Project("{FAE04EC0-301F-11D3-BF4B-00C04F79EFBC}") = "Zoom.DAL", "Zoom.DAL\Zoom.DAL.csproj", "{D41400C0-ED00-463C-B5AF-519FF53AF182}"
EndProject
Project("{FAE04EC0-301F-11D3-BF4B-00C04F79EFBC}") = "Zoom.Model", "Zoom.Model\Zoom.Model.csproj", "{4292A96F-C6AA-44E4-A2C4-98B20123DE8F}"
EndProject
Project("{FAE04EC0-301F-11D3-BF4B-00C04F79EFBC}") = "Zoom.GUI", "Zoom.GUI\Zoom.GUI.csproj", "{BF5FDFB2-074E-4480-8F03-1624B839190F}"
EndProject
Project("{FAE04EC0-301F-11D3-BF4B-00C04F79EFBC}") = "Zoom.BLL", "Zoom.BLL\Zoom.BLL.csproj", "{ACFB5FC7-B429-48F7-A1D6-571D0D6DF319}"
EndProject
Global
	GlobalSection(SolutionConfigurationPlatforms) = preSolution
		Debug|Any CPU = Debug|Any CPU
		Release|Any CPU = Release|Any CPU
	EndGlobalSection
	GlobalSection(ProjectConfigurationPlatforms) = postSolution
		{BFE55A40-7BE1-45EB-9667-121DFE3F4021}.Debug|Any CPU.ActiveCfg = Debug|Any CPU
		{BFE55A40-7BE1-45EB-9667-121DFE3F4021}.Debug|Any CPU.Build.0 = Debug|Any CPU
		{BFE55A40-7BE1-45EB-9667-121DFE3F4021}.Release|Any CPU.ActiveCfg = Release|Any CPU
		{BFE55A40-7BE1-45EB-9667-121DFE3F4021}.Release|Any CPU.Build.0 = Release|Any CPU
		{D41400C0-ED00-463C-B5AF-519FF53AF182}.Debug|Any CPU.ActiveCfg = Debug|Any CPU
		{D41400C0-ED00-463C-B5AF-519FF53AF182}.Debug|Any CPU.Build.0 = Debug|Any CPU
		{D41400C0-ED00-463C-B5AF-519FF53AF182}.Release|Any CPU.ActiveCfg = Release|Any CPU
		{D41400C0-ED00-463C-B5AF-519FF53AF182}.Release|Any CPU.Build.0 = Release|Any CPU
		{4292A96F-C6AA-44E4-A2C4-98B20123DE8F}.Debug|Any CPU.ActiveCfg = Debug|Any CPU
		{4292A96F-C6AA-44E4-A2C4-98B20123DE8F}.Debug|Any CPU.Build.0 = Debug|Any CPU
		{4292A96F-C6AA-44E4-A2C4-98B20123DE8F}.Release|Any CPU.ActiveCfg = Release|Any CPU
		{4292A96F-C6AA-44E4-A2C4-98B20123DE8F}.Release|Any CPU.Build.0 = Release|Any CPU
		{BF5FDFB2-074E-4480-8F03-1624B839190F}.Debug|Any CPU.ActiveCfg = Debug|Any CPU
		{BF5FDFB2-074E-4480-8F03-1624B839190F}.Debug|Any CPU.Build.0 = Debug|Any CPU
		{BF5FDFB2-074E-4480-8F03-1624B839190F}.Release|Any CPU.ActiveCfg = Release|Any CPU
		{BF5FDFB2-074E-4480-8F03-1624B839190F}.Release|Any CPU.Build.0 = Release|Any CPU
		{ACFB5FC7-B429-48F7-A1D6-571D0D6DF319}.Debug|Any CPU.ActiveCfg = Debug|Any CPU
		{ACFB5FC7-B429-48F7-A1D6-571D0D6DF319}.Debug|Any CPU.Build.0 = Debug|Any CPU
		{ACFB5FC7-B429-48F7-A1D6-571D0D6DF319}.Release|Any CPU.ActiveCfg = Release|Any CPU
		{ACFB5FC7-B429-48F7-A1D6-571D0D6DF319}.Release|Any CPU.Build.0 = Release|Any CPU
	EndGlobalSection
	GlobalSection(SolutionProperties) = preSolution
		HideSolutionNode = FALSE
	EndGlobalSection
	GlobalSection(ExtensibilityGlobals) = postSolution
		SolutionGuid = {7523F6AB-06E1-44FE-9B6F-0A772E74FAFA}
	EndGlobalSection
EndGlobal
